
Microsoft Visual Studio Solution File, Format Version 12.00
# Visual Studio Version 17
VisualStudioVersion = 17.3.32804.467
MinimumVisualStudioVersion = 10.0.40219.1
Project("{FAE04EC0-301F-11D3-BF4B-00C04F79EFBC}") = "readmypen.WebUI", "readmypen.WebUI\readmypen.WebUI.csproj", "{83FDE3C1-525C-42FA-8B79-1E8EC7225800}"
EndProject
Global
	GlobalSection(SolutionConfigurationPlatforms) = preSolution
		Debug|Any CPU = Debug|Any CPU
		Release|Any CPU = Release|Any CPU
	EndGlobalSection
	GlobalSection(ProjectConfigurationPlatforms) = postSolution
		{83FDE3C1-525C-42FA-8B79-1E8EC7225800}.Debug|Any CPU.ActiveCfg = Debug|Any CPU
		{83FDE3C1-525C-42FA-8B79-1E8EC7225800}.Debug|Any CPU.Build.0 = Debug|Any CPU
		{83FDE3C1-525C-42FA-8B79-1E8EC7225800}.Release|Any CPU.ActiveCfg = Release|Any CPU
		{83FDE3C1-525C-42FA-8B79-1E8EC7225800}.Release|Any CPU.Build.0 = Release|Any CPU
	EndGlobalSection
	GlobalSection(SolutionProperties) = preSolution
		HideSolutionNode = FALSE
	EndGlobalSection
	GlobalSection(ExtensibilityGlobals) = postSolution
		SolutionGuid = {7319008C-66A7-4B19-8074-B8DD6CBA83FC}
	EndGlobalSection
EndGlobal
